
Microsoft Visual Studio Solution File, Format Version 12.00
# Visual Studio 15
Project("{FAE04EC0-301F-11D3-BF4B-00C04F79EFBC}") = "Assembly-CSharp", "Assembly-CSharp.csproj", "{598619C1-5608-23D9-DE3F-6C0F756FDCF4}"
EndProject
Project("{FAE04EC0-301F-11D3-BF4B-00C04F79EFBC}") = "Assembly-CSharp-Editor", "Assembly-CSharp-Editor.csproj", "{50747F66-553E-A705-91DE-19744E3457AF}"
EndProject
Global
	GlobalSection(SolutionConfigurationPlatforms) = preSolution
		Debug|Any CPU = Debug|Any CPU
		Release|Any CPU = Release|Any CPU
	EndGlobalSection
	GlobalSection(ProjectConfigurationPlatforms) = postSolution
		{598619C1-5608-23D9-DE3F-6C0F756FDCF4}.Debug|Any CPU.ActiveCfg = Debug|Any CPU
		{598619C1-5608-23D9-DE3F-6C0F756FDCF4}.Debug|Any CPU.Build.0 = Debug|Any CPU
		{598619C1-5608-23D9-DE3F-6C0F756FDCF4}.Release|Any CPU.ActiveCfg = Release|Any CPU
		{598619C1-5608-23D9-DE3F-6C0F756FDCF4}.Release|Any CPU.Build.0 = Release|Any CPU
		{50747F66-553E-A705-91DE-19744E3457AF}.Debug|Any CPU.ActiveCfg = Debug|Any CPU
		{50747F66-553E-A705-91DE-19744E3457AF}.Debug|Any CPU.Build.0 = Debug|Any CPU
		{50747F66-553E-A705-91DE-19744E3457AF}.Release|Any CPU.ActiveCfg = Release|Any CPU
		{50747F66-553E-A705-91DE-19744E3457AF}.Release|Any CPU.Build.0 = Release|Any CPU
	EndGlobalSection
	GlobalSection(SolutionProperties) = preSolution
		HideSolutionNode = FALSE
	EndGlobalSection
EndGlobal
